
Microsoft Visual Studio Solution File, Format Version 12.00
# Visual Studio Version 17
VisualStudioVersion = 17.12.35514.174 d17.12
MinimumVisualStudioVersion = 10.0.40219.1
Project("{FAE04EC0-301F-11D3-BF4B-00C04F79EFBC}") = "API", "API\API.csproj", "{3B36C203-4B8B-4351-BE83-934B6FCE54E2}"
EndProject
Project("{FAE04EC0-301F-11D3-BF4B-00C04F79EFBC}") = "Application", "Application\Application.csproj", "{CF9F74AF-EFCD-41ED-B85D-1FDF763C63AB}"
EndProject
Project("{FAE04EC0-301F-11D3-BF4B-00C04F79EFBC}") = "Domain", "Domain\Domain.csproj", "{037B79F6-5230-4548-A8A6-83C9B4F70842}"
EndProject
Project("{FAE04EC0-301F-11D3-BF4B-00C04F79EFBC}") = "Infrastructure", "Infrastructure\Infrastructure.csproj", "{AE3F574B-423D-47BA-BD35-403C5374C7CA}"
EndProject
Global
	GlobalSection(SolutionConfigurationPlatforms) = preSolution
		Debug|Any CPU = Debug|Any CPU
		Release|Any CPU = Release|Any CPU
	EndGlobalSection
	GlobalSection(ProjectConfigurationPlatforms) = postSolution
		{3B36C203-4B8B-4351-BE83-934B6FCE54E2}.Debug|Any CPU.ActiveCfg = Debug|Any CPU
		{3B36C203-4B8B-4351-BE83-934B6FCE54E2}.Debug|Any CPU.Build.0 = Debug|Any CPU
		{3B36C203-4B8B-4351-BE83-934B6FCE54E2}.Release|Any CPU.ActiveCfg = Release|Any CPU
		{3B36C203-4B8B-4351-BE83-934B6FCE54E2}.Release|Any CPU.Build.0 = Release|Any CPU
		{CF9F74AF-EFCD-41ED-B85D-1FDF763C63AB}.Debug|Any CPU.ActiveCfg = Debug|Any CPU
		{CF9F74AF-EFCD-41ED-B85D-1FDF763C63AB}.Debug|Any CPU.Build.0 = Debug|Any CPU
		{CF9F74AF-EFCD-41ED-B85D-1FDF763C63AB}.Release|Any CPU.ActiveCfg = Release|Any CPU
		{CF9F74AF-EFCD-41ED-B85D-1FDF763C63AB}.Release|Any CPU.Build.0 = Release|Any CPU
		{037B79F6-5230-4548-A8A6-83C9B4F70842}.Debug|Any CPU.ActiveCfg = Debug|Any CPU
		{037B79F6-5230-4548-A8A6-83C9B4F70842}.Debug|Any CPU.Build.0 = Debug|Any CPU
		{037B79F6-5230-4548-A8A6-83C9B4F70842}.Release|Any CPU.ActiveCfg = Release|Any CPU
		{037B79F6-5230-4548-A8A6-83C9B4F70842}.Release|Any CPU.Build.0 = Release|Any CPU
		{AE3F574B-423D-47BA-BD35-403C5374C7CA}.Debug|Any CPU.ActiveCfg = Debug|Any CPU
		{AE3F574B-423D-47BA-BD35-403C5374C7CA}.Debug|Any CPU.Build.0 = Debug|Any CPU
		{AE3F574B-423D-47BA-BD35-403C5374C7CA}.Release|Any CPU.ActiveCfg = Release|Any CPU
		{AE3F574B-423D-47BA-BD35-403C5374C7CA}.Release|Any CPU.Build.0 = Release|Any CPU
	EndGlobalSection
	GlobalSection(SolutionProperties) = preSolution
		HideSolutionNode = FALSE
	EndGlobalSection
EndGlobal
